// !$*UTF8*$!
{
	archiveVersion = 1;
	classes = {
	};
	objectVersion = 51;
	objects = {

/* Begin PBXBuildFile section */
		6A7E5F80B78163C4E87900FF /* Pods_Racket_Reel_Tests.framework in Frameworks */ = {isa = PBXBuildFile; fileRef = D446BF61ECF94C21A02CD7DF /* Pods_Racket_Reel_Tests.framework */; };
		BB79C2F7B977FF0198530BB6 /* Pods_Racket_Reel.framework in Frameworks */ = {isa = PBXBuildFile; fileRef = BC9738C87E105B449985B043 /* Pods_Racket_Reel.framework */; };
		E260B60326BAFB3B00C35341 /* HealthKit.framework in Frameworks */ = {isa = PBXBuildFile; fileRef = E260B60226BAFB3B00C35341 /* HealthKit.framework */; };
		E263E6B026A9F88400173F1D /* PlayerType.swift in Sources */ = {isa = PBXBuildFile; fileRef = E263E6AF26A9F88400173F1D /* PlayerType.swift */; };
		E268560426C8082A00DEF435 /* GenerationEvent.swift in Sources */ = {isa = PBXBuildFile; fileRef = E268560326C8082A00DEF435 /* GenerationEvent.swift */; };
		E268560626C808B000DEF435 /* PointDescription.swift in Sources */ = {isa = PBXBuildFile; fileRef = E268560526C808B000DEF435 /* PointDescription.swift */; };
		E268560C26C818CE00DEF435 /* PointDescription.swift in Sources */ = {isa = PBXBuildFile; fileRef = E268560526C808B000DEF435 /* PointDescription.swift */; };
		E268560D26C818CE00DEF435 /* GenerationEvent.swift in Sources */ = {isa = PBXBuildFile; fileRef = E268560326C8082A00DEF435 /* GenerationEvent.swift */; };
		E273A0AF26AC16B000259066 /* Match.swift in Sources */ = {isa = PBXBuildFile; fileRef = E273A0A926AC144D00259066 /* Match.swift */; };
		E273A0B026AC16B000259066 /* MatchState.swift in Sources */ = {isa = PBXBuildFile; fileRef = E273A0AB26AC14C500259066 /* MatchState.swift */; };
		E27733EB26DBCF2900321805 /* matches.json in Resources */ = {isa = PBXBuildFile; fileRef = E27733EA26DBCF2900321805 /* matches.json */; };
		E2B11E4B26AC23A00049A48F /* ViewModel.swift in Sources */ = {isa = PBXBuildFile; fileRef = E2B11E4A26AC23A00049A48F /* ViewModel.swift */; };
		E2B11E5126AC435C0049A48F /* ContentView.swift in Sources */ = {isa = PBXBuildFile; fileRef = E2B11E5026AC435C0049A48F /* ContentView.swift */; };
		E2B11E5526AC453B0049A48F /* MatchSetUpView.swift in Sources */ = {isa = PBXBuildFile; fileRef = E2B11E5426AC453B0049A48F /* MatchSetUpView.swift */; };
		E2B11E5726AC45AA0049A48F /* WelcomeView.swift in Sources */ = {isa = PBXBuildFile; fileRef = E2B11E5626AC45AA0049A48F /* WelcomeView.swift */; };
		E2B11E5926AC46370049A48F /* ViewType.swift in Sources */ = {isa = PBXBuildFile; fileRef = E2B11E5826AC46370049A48F /* ViewType.swift */; };
		E2B9264A26AC50C50075CBF6 /* MatchPreferences.swift in Sources */ = {isa = PBXBuildFile; fileRef = E2B9264826AC50C50075CBF6 /* MatchPreferences.swift */; };
		E2B9265226AC61750075CBF6 /* MatchView.swift in Sources */ = {isa = PBXBuildFile; fileRef = E2B9265126AC61750075CBF6 /* MatchView.swift */; };
		E2B9265626AC62B10075CBF6 /* ScoreBoardView.swift in Sources */ = {isa = PBXBuildFile; fileRef = E2B9265526AC62B00075CBF6 /* ScoreBoardView.swift */; };
		E2B9266426ACABE10075CBF6 /* MatchOverView.swift in Sources */ = {isa = PBXBuildFile; fileRef = E2B9266326ACABE10075CBF6 /* MatchOverView.swift */; };
		E2B9269F26B350630075CBF6 /* Model.xcdatamodeld in Sources */ = {isa = PBXBuildFile; fileRef = E2B9269D26B350630075CBF6 /* Model.xcdatamodeld */; };
		E2C7C71C271C20430076B84B /* TennisMatch.swift in Sources */ = {isa = PBXBuildFile; fileRef = E2C7C71B271C20430076B84B /* TennisMatch.swift */; };
		E2C7C71E271C205C0076B84B /* TennisMatch+StateTransition.swift in Sources */ = {isa = PBXBuildFile; fileRef = E2C7C71D271C205C0076B84B /* TennisMatch+StateTransition.swift */; };
		E2C7C720271C207D0076B84B /* TennisMatch+StateDescription.swift in Sources */ = {isa = PBXBuildFile; fileRef = E2C7C71F271C207D0076B84B /* TennisMatch+StateDescription.swift */; };
		E2C7C722271C212A0076B84B /* TennisPreferences.swift in Sources */ = {isa = PBXBuildFile; fileRef = E2C7C721271C212A0076B84B /* TennisPreferences.swift */; };
		E2C7C724271C21430076B84B /* TennisState.swift in Sources */ = {isa = PBXBuildFile; fileRef = E2C7C723271C21430076B84B /* TennisState.swift */; };
		E2C7C726271C21590076B84B /* TennisScore.swift in Sources */ = {isa = PBXBuildFile; fileRef = E2C7C725271C21590076B84B /* TennisScore.swift */; };
		E2C7C728271C21770076B84B /* TennisEvent.swift in Sources */ = {isa = PBXBuildFile; fileRef = E2C7C727271C21770076B84B /* TennisEvent.swift */; };
		E2C7C72A271C21840076B84B /* TennisEventType.swift in Sources */ = {isa = PBXBuildFile; fileRef = E2C7C729271C21840076B84B /* TennisEventType.swift */; };
		E2C7C72C271C21AE0076B84B /* Team.swift in Sources */ = {isa = PBXBuildFile; fileRef = E2C7C72B271C21AE0076B84B /* Team.swift */; };
		E2C7C72E271C21C30076B84B /* TennisPoint.swift in Sources */ = {isa = PBXBuildFile; fileRef = E2C7C72D271C21C30076B84B /* TennisPoint.swift */; };
		E2C7C736271C3B370076B84B /* TeamMember.swift in Sources */ = {isa = PBXBuildFile; fileRef = E2C7C735271C3B370076B84B /* TeamMember.swift */; };
		E2C7C738271C3B400076B84B /* TeamType.swift in Sources */ = {isa = PBXBuildFile; fileRef = E2C7C737271C3B400076B84B /* TeamType.swift */; };
		E2C7C73A271C3BFC0076B84B /* MiscTests.swift in Sources */ = {isa = PBXBuildFile; fileRef = E2C7C739271C3BFC0076B84B /* MiscTests.swift */; };
		E2C7C73D271DF7DE0076B84B /* StateTransitionTests.swift in Sources */ = {isa = PBXBuildFile; fileRef = E2C7C73C271DF7DE0076B84B /* StateTransitionTests.swift */; };
		E2C7C73F271DF7EA0076B84B /* ScoringTests.swift in Sources */ = {isa = PBXBuildFile; fileRef = E2C7C73E271DF7EA0076B84B /* ScoringTests.swift */; };
		E2C7C741271DF7FD0076B84B /* StateDescriptionTests.swift in Sources */ = {isa = PBXBuildFile; fileRef = E2C7C740271DF7FD0076B84B /* StateDescriptionTests.swift */; };
		E2C7C746271E06D20076B84B /* TennisMatch+Constants.swift in Sources */ = {isa = PBXBuildFile; fileRef = E2C7C744271E05FA0076B84B /* TennisMatch+Constants.swift */; };
		E2C7C747271F33490076B84B /* TennisMatch.swift in Sources */ = {isa = PBXBuildFile; fileRef = E2C7C71B271C20430076B84B /* TennisMatch.swift */; };
		E2C7C748271F33490076B84B /* TennisMatch+StateTransition.swift in Sources */ = {isa = PBXBuildFile; fileRef = E2C7C71D271C205C0076B84B /* TennisMatch+StateTransition.swift */; };
		E2C7C749271F33490076B84B /* TennisMatch+StateDescription.swift in Sources */ = {isa = PBXBuildFile; fileRef = E2C7C71F271C207D0076B84B /* TennisMatch+StateDescription.swift */; };
		E2C7C74A271F33490076B84B /* TennisPreferences.swift in Sources */ = {isa = PBXBuildFile; fileRef = E2C7C721271C212A0076B84B /* TennisPreferences.swift */; };
		E2C7C74B271F33490076B84B /* TennisMatch+Constants.swift in Sources */ = {isa = PBXBuildFile; fileRef = E2C7C744271E05FA0076B84B /* TennisMatch+Constants.swift */; };
		E2C7C74C271F33490076B84B /* TennisState.swift in Sources */ = {isa = PBXBuildFile; fileRef = E2C7C723271C21430076B84B /* TennisState.swift */; };
		E2C7C74D271F33490076B84B /* TennisScore.swift in Sources */ = {isa = PBXBuildFile; fileRef = E2C7C725271C21590076B84B /* TennisScore.swift */; };
		E2C7C74E271F33490076B84B /* TennisEvent.swift in Sources */ = {isa = PBXBuildFile; fileRef = E2C7C727271C21770076B84B /* TennisEvent.swift */; };
		E2C7C74F271F33490076B84B /* TennisEventType.swift in Sources */ = {isa = PBXBuildFile; fileRef = E2C7C729271C21840076B84B /* TennisEventType.swift */; };
		E2C7C750271F33490076B84B /* TennisPoint.swift in Sources */ = {isa = PBXBuildFile; fileRef = E2C7C72D271C21C30076B84B /* TennisPoint.swift */; };
		E2C7C751271F33490076B84B /* Team.swift in Sources */ = {isa = PBXBuildFile; fileRef = E2C7C72B271C21AE0076B84B /* Team.swift */; };
		E2C7C752271F33490076B84B /* TeamMember.swift in Sources */ = {isa = PBXBuildFile; fileRef = E2C7C735271C3B370076B84B /* TeamMember.swift */; };
		E2C7C753271F33490076B84B /* TeamType.swift in Sources */ = {isa = PBXBuildFile; fileRef = E2C7C737271C3B400076B84B /* TeamType.swift */; };
		E2C7C755271F38960076B84B /* TennisLoggingError.swift in Sources */ = {isa = PBXBuildFile; fileRef = E2C7C754271F38960076B84B /* TennisLoggingError.swift */; };
		E2C7C756271F38960076B84B /* TennisLoggingError.swift in Sources */ = {isa = PBXBuildFile; fileRef = E2C7C754271F38960076B84B /* TennisLoggingError.swift */; };
		E2C7C757271F439C0076B84B /* TennisLoggingError.swift in Sources */ = {isa = PBXBuildFile; fileRef = E2C7C754271F38960076B84B /* TennisLoggingError.swift */; };
		E2C7C759271F62E20076B84B /* TeamMembersWrapper.swift in Sources */ = {isa = PBXBuildFile; fileRef = E2C7C758271F62E20076B84B /* TeamMembersWrapper.swift */; };
		E2C7C75A271F62E20076B84B /* TeamMembersWrapper.swift in Sources */ = {isa = PBXBuildFile; fileRef = E2C7C758271F62E20076B84B /* TeamMembersWrapper.swift */; };
		E2C7C75B2720830D0076B84B /* TeamMembersWrapper.swift in Sources */ = {isa = PBXBuildFile; fileRef = E2C7C758271F62E20076B84B /* TeamMembersWrapper.swift */; };
		E2C7C75D272085740076B84B /* NewMatchView.swift in Sources */ = {isa = PBXBuildFile; fileRef = E2C7C75C272085740076B84B /* NewMatchView.swift */; };
		E2C7C75F272085C40076B84B /* UserView.swift in Sources */ = {isa = PBXBuildFile; fileRef = E2C7C75E272085C40076B84B /* UserView.swift */; };
		E2C7C76127208E130076B84B /* AuthenticationView.swift in Sources */ = {isa = PBXBuildFile; fileRef = E2C7C76027208E130076B84B /* AuthenticationView.swift */; };
		E2C7C76327208E420076B84B /* AuthenticationSubview.swift in Sources */ = {isa = PBXBuildFile; fileRef = E2C7C76227208E420076B84B /* AuthenticationSubview.swift */; };
		E2D61302271B115000788B5A /* MainViewModel.swift in Sources */ = {isa = PBXBuildFile; fileRef = E247252826CAD30D00C0DF7D /* MainViewModel.swift */; };
		E2D61303271B115000788B5A /* MainView.swift in Sources */ = {isa = PBXBuildFile; fileRef = E2FF733A26A33710002209CA /* MainView.swift */; };
		E2D61304271B115000788B5A /* MatchListItemView.swift in Sources */ = {isa = PBXBuildFile; fileRef = E2B11E4E26AC2BA80049A48F /* MatchListItemView.swift */; };
		E2D61305271B115000788B5A /* MatchView.swift in Sources */ = {isa = PBXBuildFile; fileRef = E2B926F726B5D2130075CBF6 /* MatchView.swift */; };
		E2D61306271B115000788B5A /* ScoreBoardView.swift in Sources */ = {isa = PBXBuildFile; fileRef = E2B9270326B5EE670075CBF6 /* ScoreBoardView.swift */; };
		E2D61307271B115000788B5A /* MatchStateView.swift in Sources */ = {isa = PBXBuildFile; fileRef = E247252A26CAD3AD00C0DF7D /* MatchStateView.swift */; };
		E2D61308271B115000788B5A /* Match+CoreDataClass.swift in Sources */ = {isa = PBXBuildFile; fileRef = E26855E126C7F18600DEF435 /* Match+CoreDataClass.swift */; };
		E2D61309271B115000788B5A /* Match+Helper.swift in Sources */ = {isa = PBXBuildFile; fileRef = E268560126C7FA4C00DEF435 /* Match+Helper.swift */; };
		E2D6130A271B115000788B5A /* Match+Preview.swift in Sources */ = {isa = PBXBuildFile; fileRef = E27733E826DBCF1F00321805 /* Match+Preview.swift */; };
		E2D6130B271B115000788B5A /* MatchPreferences+CoreDataClass.swift in Sources */ = {isa = PBXBuildFile; fileRef = E26855E326C7F18600DEF435 /* MatchPreferences+CoreDataClass.swift */; };
		E2D6130C271B115000788B5A /* MatchState+CoreDataClass.swift in Sources */ = {isa = PBXBuildFile; fileRef = E26855E526C7F18600DEF435 /* MatchState+CoreDataClass.swift */; };
		E2D6130D271B115000788B5A /* MatchState+Helper.swift in Sources */ = {isa = PBXBuildFile; fileRef = E26855FF26C7F7F900DEF435 /* MatchState+Helper.swift */; };
		E2D6130E271B115000788B5A /* RacketReelApp.swift in Sources */ = {isa = PBXBuildFile; fileRef = E2FF733826A33710002209CA /* RacketReelApp.swift */; };
		E2D6130F271B115000788B5A /* PersistenceController.swift in Sources */ = {isa = PBXBuildFile; fileRef = E2537D0026D429FE000A277E /* PersistenceController.swift */; };
		E2D61310271B115000788B5A /* VideoEditor.swift in Sources */ = {isa = PBXBuildFile; fileRef = E27733EC26DEA75500321805 /* VideoEditor.swift */; };
		E2D61311271B115000788B5A /* CoreDataWCSessionDelegate.swift in Sources */ = {isa = PBXBuildFile; fileRef = E2537D0226D4372C000A277E /* CoreDataWCSessionDelegate.swift */; };
		E2D61313271B1B9900788B5A /* User.swift in Sources */ = {isa = PBXBuildFile; fileRef = E2D61312271B1B9900788B5A /* User.swift */; };
		E2D61318271B1BD700788B5A /* AuthProtocol.swift in Sources */ = {isa = PBXBuildFile; fileRef = E2D61315271B1BD700788B5A /* AuthProtocol.swift */; };
		E2D61319271B1BD700788B5A /* PreviewAuth.swift in Sources */ = {isa = PBXBuildFile; fileRef = E2D61316271B1BD700788B5A /* PreviewAuth.swift */; };
		E2D6131A271B1BD700788B5A /* FirebaseFirestoreAuth.swift in Sources */ = {isa = PBXBuildFile; fileRef = E2D61317271B1BD700788B5A /* FirebaseFirestoreAuth.swift */; };
		E2D6131C271B222500788B5A /* GoogleService-Info.plist in Resources */ = {isa = PBXBuildFile; fileRef = E2D6131B271B222500788B5A /* GoogleService-Info.plist */; };
		E2D61321271B232B00788B5A /* GrowingPrimaryButtonStyle.swift in Sources */ = {isa = PBXBuildFile; fileRef = E2D6131E271B232B00788B5A /* GrowingPrimaryButtonStyle.swift */; };
		E2D61322271B232B00788B5A /* GrowingSecondaryButtonStyle.swift in Sources */ = {isa = PBXBuildFile; fileRef = E2D6131F271B232B00788B5A /* GrowingSecondaryButtonStyle.swift */; };
		E2D61323271B232B00788B5A /* RRTextFieldStyle.swift in Sources */ = {isa = PBXBuildFile; fileRef = E2D61320271B232B00788B5A /* RRTextFieldStyle.swift */; };
		E2D61327271B23A100788B5A /* LogInViewModel.swift in Sources */ = {isa = PBXBuildFile; fileRef = E2D61324271B23A000788B5A /* LogInViewModel.swift */; };
		E2D61328271B23A100788B5A /* ContentViewModel.swift in Sources */ = {isa = PBXBuildFile; fileRef = E2D61325271B23A100788B5A /* ContentViewModel.swift */; };
		E2D61329271B23A100788B5A /* RegisterViewModel.swift in Sources */ = {isa = PBXBuildFile; fileRef = E2D61326271B23A100788B5A /* RegisterViewModel.swift */; };
		E2D6132E271B23C700788B5A /* LogInView.swift in Sources */ = {isa = PBXBuildFile; fileRef = E2D6132A271B23C700788B5A /* LogInView.swift */; };
		E2D6132F271B23C700788B5A /* ContentView.swift in Sources */ = {isa = PBXBuildFile; fileRef = E2D6132B271B23C700788B5A /* ContentView.swift */; };
		E2D61330271B23C700788B5A /* RegisterView.swift in Sources */ = {isa = PBXBuildFile; fileRef = E2D6132C271B23C700788B5A /* RegisterView.swift */; };
		E2D61331271B23C700788B5A /* ActivityIndicator.swift in Sources */ = {isa = PBXBuildFile; fileRef = E2D6132D271B23C700788B5A /* ActivityIndicator.swift */; };
		E2D61340271B2F0600788B5A /* AuthIntegrationTests.swift in Sources */ = {isa = PBXBuildFile; fileRef = E2D6133F271B2F0600788B5A /* AuthIntegrationTests.swift */; };
		E2FF733D26A33711002209CA /* Assets.xcassets in Resources */ = {isa = PBXBuildFile; fileRef = E2FF733C26A33711002209CA /* Assets.xcassets */; };
		E2FF734026A33711002209CA /* Preview Assets.xcassets in Resources */ = {isa = PBXBuildFile; fileRef = E2FF733F26A33711002209CA /* Preview Assets.xcassets */; };
		E2FF734526A33711002209CA /* Racket Reel WatchKit App.app in Embed Watch Content */ = {isa = PBXBuildFile; fileRef = E2FF734426A33711002209CA /* Racket Reel WatchKit App.app */; settings = {ATTRIBUTES = (RemoveHeadersOnCopy, ); }; };
		E2FF734A26A33711002209CA /* Assets.xcassets in Resources */ = {isa = PBXBuildFile; fileRef = E2FF734926A33711002209CA /* Assets.xcassets */; };
		E2FF735126A33711002209CA /* Racket Reel WatchKit Extension.appex in Embed App Extensions */ = {isa = PBXBuildFile; fileRef = E2FF735026A33711002209CA /* Racket Reel WatchKit Extension.appex */; settings = {ATTRIBUTES = (RemoveHeadersOnCopy, ); }; };
		E2FF735826A33711002209CA /* Game_Set_MatchApp.swift in Sources */ = {isa = PBXBuildFile; fileRef = E2FF735726A33711002209CA /* Game_Set_MatchApp.swift */; };
		E2FF735A26A33711002209CA /* ComplicationController.swift in Sources */ = {isa = PBXBuildFile; fileRef = E2FF735926A33711002209CA /* ComplicationController.swift */; };
		E2FF735C26A33712002209CA /* Assets.xcassets in Resources */ = {isa = PBXBuildFile; fileRef = E2FF735B26A33712002209CA /* Assets.xcassets */; };
		E2FF735F26A33712002209CA /* Preview Assets.xcassets in Resources */ = {isa = PBXBuildFile; fileRef = E2FF735E26A33712002209CA /* Preview Assets.xcassets */; };
/* End PBXBuildFile section */

/* Begin PBXContainerItemProxy section */
		E2D6133A271B2EBB00788B5A /* PBXContainerItemProxy */ = {
			isa = PBXContainerItemProxy;
			containerPortal = E2FF732D26A33710002209CA /* Project object */;
			proxyType = 1;
			remoteGlobalIDString = E2FF733426A33710002209CA;
			remoteInfo = "Racket Reel";
		};
		E2FF734626A33711002209CA /* PBXContainerItemProxy */ = {
			isa = PBXContainerItemProxy;
			containerPortal = E2FF732D26A33710002209CA /* Project object */;
			proxyType = 1;
			remoteGlobalIDString = E2FF734326A33711002209CA;
			remoteInfo = "Racket Reel WatchKit App";
		};
		E2FF735226A33711002209CA /* PBXContainerItemProxy */ = {
			isa = PBXContainerItemProxy;
			containerPortal = E2FF732D26A33710002209CA /* Project object */;
			proxyType = 1;
			remoteGlobalIDString = E2FF734F26A33711002209CA;
			remoteInfo = "Racket Reel WatchKit Extension";
		};
/* End PBXContainerItemProxy section */

/* Begin PBXCopyFilesBuildPhase section */
		E2FF736626A33712002209CA /* Embed App Extensions */ = {
			isa = PBXCopyFilesBuildPhase;
			buildActionMask = 2147483647;
			dstPath = "";
			dstSubfolderSpec = 13;
			files = (
				E2FF735126A33711002209CA /* Racket Reel WatchKit Extension.appex in Embed App Extensions */,
			);
			name = "Embed App Extensions";
			runOnlyForDeploymentPostprocessing = 0;
		};
		E2FF736A26A33712002209CA /* Embed Watch Content */ = {
			isa = PBXCopyFilesBuildPhase;
			buildActionMask = 2147483647;
			dstPath = "$(CONTENTS_FOLDER_PATH)/Watch";
			dstSubfolderSpec = 16;
			files = (
				E2FF734526A33711002209CA /* Racket Reel WatchKit App.app in Embed Watch Content */,
			);
			name = "Embed Watch Content";
			runOnlyForDeploymentPostprocessing = 0;
		};
/* End PBXCopyFilesBuildPhase section */

/* Begin PBXFileReference section */
		7DEDCF038C777AF3B34195D0 /* Pods-Racket Reel Tests.debug.xcconfig */ = {isa = PBXFileReference; includeInIndex = 1; lastKnownFileType = text.xcconfig; name = "Pods-Racket Reel Tests.debug.xcconfig"; path = "Target Support Files/Pods-Racket Reel Tests/Pods-Racket Reel Tests.debug.xcconfig"; sourceTree = "<group>"; };
		B6A1C5CEBF893F3C9F6CD97B /* Pods-Racket Reel.debug.xcconfig */ = {isa = PBXFileReference; includeInIndex = 1; lastKnownFileType = text.xcconfig; name = "Pods-Racket Reel.debug.xcconfig"; path = "Target Support Files/Pods-Racket Reel/Pods-Racket Reel.debug.xcconfig"; sourceTree = "<group>"; };
		BC9738C87E105B449985B043 /* Pods_Racket_Reel.framework */ = {isa = PBXFileReference; explicitFileType = wrapper.framework; includeInIndex = 0; path = Pods_Racket_Reel.framework; sourceTree = BUILT_PRODUCTS_DIR; };
		CE2942E2EBD7199D25F021C7 /* Pods-Racket Reel.release.xcconfig */ = {isa = PBXFileReference; includeInIndex = 1; lastKnownFileType = text.xcconfig; name = "Pods-Racket Reel.release.xcconfig"; path = "Target Support Files/Pods-Racket Reel/Pods-Racket Reel.release.xcconfig"; sourceTree = "<group>"; };
		D446BF61ECF94C21A02CD7DF /* Pods_Racket_Reel_Tests.framework */ = {isa = PBXFileReference; explicitFileType = wrapper.framework; includeInIndex = 0; path = Pods_Racket_Reel_Tests.framework; sourceTree = BUILT_PRODUCTS_DIR; };
		E247252826CAD30D00C0DF7D /* MainViewModel.swift */ = {isa = PBXFileReference; lastKnownFileType = sourcecode.swift; path = MainViewModel.swift; sourceTree = "<group>"; };
		E247252A26CAD3AD00C0DF7D /* MatchStateView.swift */ = {isa = PBXFileReference; lastKnownFileType = sourcecode.swift; path = MatchStateView.swift; sourceTree = "<group>"; };
		E2537D0026D429FE000A277E /* PersistenceController.swift */ = {isa = PBXFileReference; lastKnownFileType = sourcecode.swift; path = PersistenceController.swift; sourceTree = "<group>"; };
		E2537D0226D4372C000A277E /* CoreDataWCSessionDelegate.swift */ = {isa = PBXFileReference; lastKnownFileType = sourcecode.swift; path = CoreDataWCSessionDelegate.swift; sourceTree = "<group>"; };
		E260B60226BAFB3B00C35341 /* HealthKit.framework */ = {isa = PBXFileReference; lastKnownFileType = wrapper.framework; name = HealthKit.framework; path = Platforms/WatchOS.platform/Developer/SDKs/WatchOS7.4.sdk/System/Library/Frameworks/HealthKit.framework; sourceTree = DEVELOPER_DIR; };
		E263E6AF26A9F88400173F1D /* PlayerType.swift */ = {isa = PBXFileReference; lastKnownFileType = sourcecode.swift; path = PlayerType.swift; sourceTree = "<group>"; };
		E26855E126C7F18600DEF435 /* Match+CoreDataClass.swift */ = {isa = PBXFileReference; lastKnownFileType = sourcecode.swift; path = "Match+CoreDataClass.swift"; sourceTree = "<group>"; };
		E26855E326C7F18600DEF435 /* MatchPreferences+CoreDataClass.swift */ = {isa = PBXFileReference; lastKnownFileType = sourcecode.swift; path = "MatchPreferences+CoreDataClass.swift"; sourceTree = "<group>"; };
		E26855E526C7F18600DEF435 /* MatchState+CoreDataClass.swift */ = {isa = PBXFileReference; lastKnownFileType = sourcecode.swift; path = "MatchState+CoreDataClass.swift"; sourceTree = "<group>"; };
		E26855FF26C7F7F900DEF435 /* MatchState+Helper.swift */ = {isa = PBXFileReference; lastKnownFileType = sourcecode.swift; path = "MatchState+Helper.swift"; sourceTree = "<group>"; };
		E268560126C7FA4C00DEF435 /* Match+Helper.swift */ = {isa = PBXFileReference; lastKnownFileType = sourcecode.swift; path = "Match+Helper.swift"; sourceTree = "<group>"; };
		E268560326C8082A00DEF435 /* GenerationEvent.swift */ = {isa = PBXFileReference; lastKnownFileType = sourcecode.swift; path = GenerationEvent.swift; sourceTree = "<group>"; };
		E268560526C808B000DEF435 /* PointDescription.swift */ = {isa = PBXFileReference; lastKnownFileType = sourcecode.swift; path = PointDescription.swift; sourceTree = "<group>"; };
		E273A0A926AC144D00259066 /* Match.swift */ = {isa = PBXFileReference; lastKnownFileType = sourcecode.swift; path = Match.swift; sourceTree = "<group>"; };
		E273A0AB26AC14C500259066 /* MatchState.swift */ = {isa = PBXFileReference; lastKnownFileType = sourcecode.swift; path = MatchState.swift; sourceTree = "<group>"; };
		E27733E826DBCF1F00321805 /* Match+Preview.swift */ = {isa = PBXFileReference; fileEncoding = 4; lastKnownFileType = sourcecode.swift; path = "Match+Preview.swift"; sourceTree = "<group>"; };
		E27733EA26DBCF2900321805 /* matches.json */ = {isa = PBXFileReference; fileEncoding = 4; lastKnownFileType = text.json; path = matches.json; sourceTree = "<group>"; };
		E27733EC26DEA75500321805 /* VideoEditor.swift */ = {isa = PBXFileReference; lastKnownFileType = sourcecode.swift; path = VideoEditor.swift; sourceTree = "<group>"; };
		E2B11E4A26AC23A00049A48F /* ViewModel.swift */ = {isa = PBXFileReference; fileEncoding = 4; lastKnownFileType = sourcecode.swift; path = ViewModel.swift; sourceTree = "<group>"; };
		E2B11E4E26AC2BA80049A48F /* MatchListItemView.swift */ = {isa = PBXFileReference; lastKnownFileType = sourcecode.swift; path = MatchListItemView.swift; sourceTree = "<group>"; };
		E2B11E5026AC435C0049A48F /* ContentView.swift */ = {isa = PBXFileReference; lastKnownFileType = sourcecode.swift; path = ContentView.swift; sourceTree = "<group>"; };
		E2B11E5426AC453B0049A48F /* MatchSetUpView.swift */ = {isa = PBXFileReference; lastKnownFileType = sourcecode.swift; path = MatchSetUpView.swift; sourceTree = "<group>"; };
		E2B11E5626AC45AA0049A48F /* WelcomeView.swift */ = {isa = PBXFileReference; lastKnownFileType = sourcecode.swift; path = WelcomeView.swift; sourceTree = "<group>"; };
		E2B11E5826AC46370049A48F /* ViewType.swift */ = {isa = PBXFileReference; lastKnownFileType = sourcecode.swift; path = ViewType.swift; sourceTree = "<group>"; };
		E2B9264826AC50C50075CBF6 /* MatchPreferences.swift */ = {isa = PBXFileReference; lastKnownFileType = sourcecode.swift; path = MatchPreferences.swift; sourceTree = "<group>"; };
		E2B9265126AC61750075CBF6 /* MatchView.swift */ = {isa = PBXFileReference; lastKnownFileType = sourcecode.swift; path = MatchView.swift; sourceTree = "<group>"; };
		E2B9265526AC62B00075CBF6 /* ScoreBoardView.swift */ = {isa = PBXFileReference; lastKnownFileType = sourcecode.swift; path = ScoreBoardView.swift; sourceTree = "<group>"; };
		E2B9266326ACABE10075CBF6 /* MatchOverView.swift */ = {isa = PBXFileReference; lastKnownFileType = sourcecode.swift; path = MatchOverView.swift; sourceTree = "<group>"; };
		E2B9269E26B350630075CBF6 /* Model.xcdatamodel */ = {isa = PBXFileReference; lastKnownFileType = wrapper.xcdatamodel; path = Model.xcdatamodel; sourceTree = "<group>"; };
		E2B926F726B5D2130075CBF6 /* MatchView.swift */ = {isa = PBXFileReference; lastKnownFileType = sourcecode.swift; path = MatchView.swift; sourceTree = "<group>"; };
		E2B9270326B5EE670075CBF6 /* ScoreBoardView.swift */ = {isa = PBXFileReference; lastKnownFileType = sourcecode.swift; path = ScoreBoardView.swift; sourceTree = "<group>"; };
		E2C7C71B271C20430076B84B /* TennisMatch.swift */ = {isa = PBXFileReference; lastKnownFileType = sourcecode.swift; path = TennisMatch.swift; sourceTree = "<group>"; };
		E2C7C71D271C205C0076B84B /* TennisMatch+StateTransition.swift */ = {isa = PBXFileReference; lastKnownFileType = sourcecode.swift; path = "TennisMatch+StateTransition.swift"; sourceTree = "<group>"; };
		E2C7C71F271C207D0076B84B /* TennisMatch+StateDescription.swift */ = {isa = PBXFileReference; lastKnownFileType = sourcecode.swift; path = "TennisMatch+StateDescription.swift"; sourceTree = "<group>"; };
		E2C7C721271C212A0076B84B /* TennisPreferences.swift */ = {isa = PBXFileReference; lastKnownFileType = sourcecode.swift; path = TennisPreferences.swift; sourceTree = "<group>"; };
		E2C7C723271C21430076B84B /* TennisState.swift */ = {isa = PBXFileReference; lastKnownFileType = sourcecode.swift; path = TennisState.swift; sourceTree = "<group>"; };
		E2C7C725271C21590076B84B /* TennisScore.swift */ = {isa = PBXFileReference; lastKnownFileType = sourcecode.swift; path = TennisScore.swift; sourceTree = "<group>"; };
		E2C7C727271C21770076B84B /* TennisEvent.swift */ = {isa = PBXFileReference; lastKnownFileType = sourcecode.swift; path = TennisEvent.swift; sourceTree = "<group>"; };
		E2C7C729271C21840076B84B /* TennisEventType.swift */ = {isa = PBXFileReference; lastKnownFileType = sourcecode.swift; path = TennisEventType.swift; sourceTree = "<group>"; };
		E2C7C72B271C21AE0076B84B /* Team.swift */ = {isa = PBXFileReference; lastKnownFileType = sourcecode.swift; path = Team.swift; sourceTree = "<group>"; };
		E2C7C72D271C21C30076B84B /* TennisPoint.swift */ = {isa = PBXFileReference; lastKnownFileType = sourcecode.swift; path = TennisPoint.swift; sourceTree = "<group>"; };
		E2C7C735271C3B370076B84B /* TeamMember.swift */ = {isa = PBXFileReference; lastKnownFileType = sourcecode.swift; path = TeamMember.swift; sourceTree = "<group>"; };
		E2C7C737271C3B400076B84B /* TeamType.swift */ = {isa = PBXFileReference; lastKnownFileType = sourcecode.swift; path = TeamType.swift; sourceTree = "<group>"; };
		E2C7C739271C3BFC0076B84B /* MiscTests.swift */ = {isa = PBXFileReference; lastKnownFileType = sourcecode.swift; path = MiscTests.swift; sourceTree = "<group>"; };
		E2C7C73C271DF7DE0076B84B /* StateTransitionTests.swift */ = {isa = PBXFileReference; lastKnownFileType = sourcecode.swift; path = StateTransitionTests.swift; sourceTree = "<group>"; };
		E2C7C73E271DF7EA0076B84B /* ScoringTests.swift */ = {isa = PBXFileReference; lastKnownFileType = sourcecode.swift; path = ScoringTests.swift; sourceTree = "<group>"; };
		E2C7C740271DF7FD0076B84B /* StateDescriptionTests.swift */ = {isa = PBXFileReference; lastKnownFileType = sourcecode.swift; path = StateDescriptionTests.swift; sourceTree = "<group>"; };
		E2C7C744271E05FA0076B84B /* TennisMatch+Constants.swift */ = {isa = PBXFileReference; lastKnownFileType = sourcecode.swift; path = "TennisMatch+Constants.swift"; sourceTree = "<group>"; };
		E2C7C754271F38960076B84B /* TennisLoggingError.swift */ = {isa = PBXFileReference; lastKnownFileType = sourcecode.swift; path = TennisLoggingError.swift; sourceTree = "<group>"; };
		E2C7C758271F62E20076B84B /* TeamMembersWrapper.swift */ = {isa = PBXFileReference; lastKnownFileType = sourcecode.swift; path = TeamMembersWrapper.swift; sourceTree = "<group>"; };
		E2C7C75C272085740076B84B /* NewMatchView.swift */ = {isa = PBXFileReference; lastKnownFileType = sourcecode.swift; path = NewMatchView.swift; sourceTree = "<group>"; };
		E2C7C75E272085C40076B84B /* UserView.swift */ = {isa = PBXFileReference; lastKnownFileType = sourcecode.swift; path = UserView.swift; sourceTree = "<group>"; };
		E2C7C76027208E130076B84B /* AuthenticationView.swift */ = {isa = PBXFileReference; lastKnownFileType = sourcecode.swift; path = AuthenticationView.swift; sourceTree = "<group>"; };
		E2C7C76227208E420076B84B /* AuthenticationSubview.swift */ = {isa = PBXFileReference; lastKnownFileType = sourcecode.swift; path = AuthenticationSubview.swift; sourceTree = "<group>"; };
		E2D61312271B1B9900788B5A /* User.swift */ = {isa = PBXFileReference; lastKnownFileType = sourcecode.swift; path = User.swift; sourceTree = "<group>"; };
		E2D61315271B1BD700788B5A /* AuthProtocol.swift */ = {isa = PBXFileReference; fileEncoding = 4; lastKnownFileType = sourcecode.swift; path = AuthProtocol.swift; sourceTree = "<group>"; };
		E2D61316271B1BD700788B5A /* PreviewAuth.swift */ = {isa = PBXFileReference; fileEncoding = 4; lastKnownFileType = sourcecode.swift; path = PreviewAuth.swift; sourceTree = "<group>"; };
		E2D61317271B1BD700788B5A /* FirebaseFirestoreAuth.swift */ = {isa = PBXFileReference; fileEncoding = 4; lastKnownFileType = sourcecode.swift; path = FirebaseFirestoreAuth.swift; sourceTree = "<group>"; };
		E2D6131B271B222500788B5A /* GoogleService-Info.plist */ = {isa = PBXFileReference; fileEncoding = 4; lastKnownFileType = text.plist.xml; path = "GoogleService-Info.plist"; sourceTree = "<group>"; };
		E2D6131E271B232B00788B5A /* GrowingPrimaryButtonStyle.swift */ = {isa = PBXFileReference; fileEncoding = 4; lastKnownFileType = sourcecode.swift; path = GrowingPrimaryButtonStyle.swift; sourceTree = "<group>"; };
		E2D6131F271B232B00788B5A /* GrowingSecondaryButtonStyle.swift */ = {isa = PBXFileReference; fileEncoding = 4; lastKnownFileType = sourcecode.swift; path = GrowingSecondaryButtonStyle.swift; sourceTree = "<group>"; };
		E2D61320271B232B00788B5A /* RRTextFieldStyle.swift */ = {isa = PBXFileReference; fileEncoding = 4; lastKnownFileType = sourcecode.swift; path = RRTextFieldStyle.swift; sourceTree = "<group>"; };
		E2D61324271B23A000788B5A /* LogInViewModel.swift */ = {isa = PBXFileReference; fileEncoding = 4; lastKnownFileType = sourcecode.swift; path = LogInViewModel.swift; sourceTree = "<group>"; };
		E2D61325271B23A100788B5A /* ContentViewModel.swift */ = {isa = PBXFileReference; fileEncoding = 4; lastKnownFileType = sourcecode.swift; path = ContentViewModel.swift; sourceTree = "<group>"; };
		E2D61326271B23A100788B5A /* RegisterViewModel.swift */ = {isa = PBXFileReference; fileEncoding = 4; lastKnownFileType = sourcecode.swift; path = RegisterViewModel.swift; sourceTree = "<group>"; };
		E2D6132A271B23C700788B5A /* LogInView.swift */ = {isa = PBXFileReference; fileEncoding = 4; lastKnownFileType = sourcecode.swift; path = LogInView.swift; sourceTree = "<group>"; };
		E2D6132B271B23C700788B5A /* ContentView.swift */ = {isa = PBXFileReference; fileEncoding = 4; lastKnownFileType = sourcecode.swift; path = ContentView.swift; sourceTree = "<group>"; };
		E2D6132C271B23C700788B5A /* RegisterView.swift */ = {isa = PBXFileReference; fileEncoding = 4; lastKnownFileType = sourcecode.swift; path = RegisterView.swift; sourceTree = "<group>"; };
		E2D6132D271B23C700788B5A /* ActivityIndicator.swift */ = {isa = PBXFileReference; fileEncoding = 4; lastKnownFileType = sourcecode.swift; path = ActivityIndicator.swift; sourceTree = "<group>"; };
		E2D61336271B2EBB00788B5A /* Racket Reel Tests.xctest */ = {isa = PBXFileReference; explicitFileType = wrapper.cfbundle; includeInIndex = 0; path = "Racket Reel Tests.xctest"; sourceTree = BUILT_PRODUCTS_DIR; };
		E2D6133F271B2F0600788B5A /* AuthIntegrationTests.swift */ = {isa = PBXFileReference; fileEncoding = 4; lastKnownFileType = sourcecode.swift; path = AuthIntegrationTests.swift; sourceTree = "<group>"; };
		E2FF733526A33710002209CA /* Racket Reel.app */ = {isa = PBXFileReference; explicitFileType = wrapper.application; includeInIndex = 0; path = "Racket Reel.app"; sourceTree = BUILT_PRODUCTS_DIR; };
		E2FF733826A33710002209CA /* RacketReelApp.swift */ = {isa = PBXFileReference; lastKnownFileType = sourcecode.swift; path = RacketReelApp.swift; sourceTree = "<group>"; };
		E2FF733A26A33710002209CA /* MainView.swift */ = {isa = PBXFileReference; lastKnownFileType = sourcecode.swift; path = MainView.swift; sourceTree = "<group>"; };
		E2FF733C26A33711002209CA /* Assets.xcassets */ = {isa = PBXFileReference; lastKnownFileType = folder.assetcatalog; path = Assets.xcassets; sourceTree = "<group>"; };
		E2FF733F26A33711002209CA /* Preview Assets.xcassets */ = {isa = PBXFileReference; lastKnownFileType = folder.assetcatalog; path = "Preview Assets.xcassets"; sourceTree = "<group>"; };
		E2FF734126A33711002209CA /* Info.plist */ = {isa = PBXFileReference; lastKnownFileType = text.plist.xml; path = Info.plist; sourceTree = "<group>"; };
		E2FF734426A33711002209CA /* Racket Reel WatchKit App.app */ = {isa = PBXFileReference; explicitFileType = wrapper.application; includeInIndex = 0; path = "Racket Reel WatchKit App.app"; sourceTree = BUILT_PRODUCTS_DIR; };
		E2FF734926A33711002209CA /* Assets.xcassets */ = {isa = PBXFileReference; lastKnownFileType = folder.assetcatalog; path = Assets.xcassets; sourceTree = "<group>"; };
		E2FF734B26A33711002209CA /* Info.plist */ = {isa = PBXFileReference; lastKnownFileType = text.plist.xml; path = Info.plist; sourceTree = "<group>"; };
		E2FF735026A33711002209CA /* Racket Reel WatchKit Extension.appex */ = {isa = PBXFileReference; explicitFileType = "wrapper.app-extension"; includeInIndex = 0; path = "Racket Reel WatchKit Extension.appex"; sourceTree = BUILT_PRODUCTS_DIR; };
		E2FF735726A33711002209CA /* Game_Set_MatchApp.swift */ = {isa = PBXFileReference; lastKnownFileType = sourcecode.swift; path = Game_Set_MatchApp.swift; sourceTree = "<group>"; };
		E2FF735926A33711002209CA /* ComplicationController.swift */ = {isa = PBXFileReference; lastKnownFileType = sourcecode.swift; path = ComplicationController.swift; sourceTree = "<group>"; };
		E2FF735B26A33712002209CA /* Assets.xcassets */ = {isa = PBXFileReference; lastKnownFileType = folder.assetcatalog; path = Assets.xcassets; sourceTree = "<group>"; };
		E2FF735E26A33712002209CA /* Preview Assets.xcassets */ = {isa = PBXFileReference; lastKnownFileType = folder.assetcatalog; path = "Preview Assets.xcassets"; sourceTree = "<group>"; };
		E2FF736026A33712002209CA /* Info.plist */ = {isa = PBXFileReference; lastKnownFileType = text.plist.xml; path = Info.plist; sourceTree = "<group>"; };
		F2E3F4D9A82E276EE1B2561B /* Pods-Racket Reel Tests.release.xcconfig */ = {isa = PBXFileReference; includeInIndex = 1; lastKnownFileType = text.xcconfig; name = "Pods-Racket Reel Tests.release.xcconfig"; path = "Target Support Files/Pods-Racket Reel Tests/Pods-Racket Reel Tests.release.xcconfig"; sourceTree = "<group>"; };
/* End PBXFileReference section */

/* Begin PBXFrameworksBuildPhase section */
		E2D61333271B2EBB00788B5A /* Frameworks */ = {
			isa = PBXFrameworksBuildPhase;
			buildActionMask = 2147483647;
			files = (
				6A7E5F80B78163C4E87900FF /* Pods_Racket_Reel_Tests.framework in Frameworks */,
			);
			runOnlyForDeploymentPostprocessing = 0;
		};
		E2FF733226A33710002209CA /* Frameworks */ = {
			isa = PBXFrameworksBuildPhase;
			buildActionMask = 2147483647;
			files = (
				BB79C2F7B977FF0198530BB6 /* Pods_Racket_Reel.framework in Frameworks */,
			);
			runOnlyForDeploymentPostprocessing = 0;
		};
		E2FF734D26A33711002209CA /* Frameworks */ = {
			isa = PBXFrameworksBuildPhase;
			buildActionMask = 2147483647;
			files = (
				E260B60326BAFB3B00C35341 /* HealthKit.framework in Frameworks */,
			);
			runOnlyForDeploymentPostprocessing = 0;
		};
/* End PBXFrameworksBuildPhase section */

/* Begin PBXGroup section */
		7DED95CB640137CA3CD77FE1 /* Pods */ = {
			isa = PBXGroup;
			children = (
				B6A1C5CEBF893F3C9F6CD97B /* Pods-Racket Reel.debug.xcconfig */,
				CE2942E2EBD7199D25F021C7 /* Pods-Racket Reel.release.xcconfig */,
				7DEDCF038C777AF3B34195D0 /* Pods-Racket Reel Tests.debug.xcconfig */,
				F2E3F4D9A82E276EE1B2561B /* Pods-Racket Reel Tests.release.xcconfig */,
			);
			path = Pods;
			sourceTree = "<group>";
		};
		E247252726CAD22A00C0DF7D /* ViewModel */ = {
			isa = PBXGroup;
			children = (
				E2D61325271B23A100788B5A /* ContentViewModel.swift */,
				E2D61324271B23A000788B5A /* LogInViewModel.swift */,
				E2D61326271B23A100788B5A /* RegisterViewModel.swift */,
				E247252826CAD30D00C0DF7D /* MainViewModel.swift */,
				E2C7C76227208E420076B84B /* AuthenticationSubview.swift */,
			);
			path = ViewModel;
			sourceTree = "<group>";
		};
		E260B60126BAFB3B00C35341 /* Frameworks */ = {
			isa = PBXGroup;
			children = (
				E260B60226BAFB3B00C35341 /* HealthKit.framework */,
				BC9738C87E105B449985B043 /* Pods_Racket_Reel.framework */,
				D446BF61ECF94C21A02CD7DF /* Pods_Racket_Reel_Tests.framework */,
			);
			name = Frameworks;
			sourceTree = "<group>";
		};
		E268560B26C8180100DEF435 /* Common */ = {
			isa = PBXGroup;
			children = (
				E2C7C71A271C201C0076B84B /* Tennis */,
				E268560526C808B000DEF435 /* PointDescription.swift */,
				E268560326C8082A00DEF435 /* GenerationEvent.swift */,
				E2C7C72B271C21AE0076B84B /* Team.swift */,
				E2C7C735271C3B370076B84B /* TeamMember.swift */,
				E2C7C758271F62E20076B84B /* TeamMembersWrapper.swift */,
				E2C7C737271C3B400076B84B /* TeamType.swift */,
			);
			path = Common;
			sourceTree = "<group>";
		};
		E2B9264626AC4FF50075CBF6 /* View */ = {
			isa = PBXGroup;
			children = (
				E2B11E5426AC453B0049A48F /* MatchSetUpView.swift */,
				E2B9266326ACABE10075CBF6 /* MatchOverView.swift */,
				E2B11E5026AC435C0049A48F /* ContentView.swift */,
				E2B11E5626AC45AA0049A48F /* WelcomeView.swift */,
				E2B9265126AC61750075CBF6 /* MatchView.swift */,
			);
			path = View;
			sourceTree = "<group>";
		};
		E2B9265926AC93280075CBF6 /* Model */ = {
			isa = PBXGroup;
			children = (
				E273A0A926AC144D00259066 /* Match.swift */,
				E273A0AB26AC14C500259066 /* MatchState.swift */,
				E2B9264826AC50C50075CBF6 /* MatchPreferences.swift */,
				E263E6AF26A9F88400173F1D /* PlayerType.swift */,
				E2B11E5826AC46370049A48F /* ViewType.swift */,
				E2B9265526AC62B00075CBF6 /* ScoreBoardView.swift */,
			);
			path = Model;
			sourceTree = "<group>";
		};
		E2B926AC26B350D30075CBF6 /* Model */ = {
			isa = PBXGroup;
			children = (
				E26855E126C7F18600DEF435 /* Match+CoreDataClass.swift */,
				E268560126C7FA4C00DEF435 /* Match+Helper.swift */,
				E27733E826DBCF1F00321805 /* Match+Preview.swift */,
				E26855E326C7F18600DEF435 /* MatchPreferences+CoreDataClass.swift */,
				E26855E526C7F18600DEF435 /* MatchState+CoreDataClass.swift */,
				E26855FF26C7F7F900DEF435 /* MatchState+Helper.swift */,
				E2D61312271B1B9900788B5A /* User.swift */,
			);
			path = Model;
			sourceTree = "<group>";
		};
		E2B926F926B5DD200075CBF6 /* View */ = {
			isa = PBXGroup;
			children = (
				E2D6131D271B230600788B5A /* Styles */,
				E2D6132D271B23C700788B5A /* ActivityIndicator.swift */,
				E2C7C75C272085740076B84B /* NewMatchView.swift */,
				E2D6132B271B23C700788B5A /* ContentView.swift */,
				E2D6132A271B23C700788B5A /* LogInView.swift */,
				E2C7C76027208E130076B84B /* AuthenticationView.swift */,
				E2C7C75E272085C40076B84B /* UserView.swift */,
				E2D6132C271B23C700788B5A /* RegisterView.swift */,
				E2FF733A26A33710002209CA /* MainView.swift */,
				E2B11E4E26AC2BA80049A48F /* MatchListItemView.swift */,
				E2B926F726B5D2130075CBF6 /* MatchView.swift */,
				E2B9270326B5EE670075CBF6 /* ScoreBoardView.swift */,
				E247252A26CAD3AD00C0DF7D /* MatchStateView.swift */,
			);
			path = View;
			sourceTree = "<group>";
		};
		E2C7C71A271C201C0076B84B /* Tennis */ = {
			isa = PBXGroup;
			children = (
				E2C7C71B271C20430076B84B /* TennisMatch.swift */,
				E2C7C71D271C205C0076B84B /* TennisMatch+StateTransition.swift */,
				E2C7C71F271C207D0076B84B /* TennisMatch+StateDescription.swift */,
				E2C7C721271C212A0076B84B /* TennisPreferences.swift */,
				E2C7C744271E05FA0076B84B /* TennisMatch+Constants.swift */,
				E2C7C723271C21430076B84B /* TennisState.swift */,
				E2C7C725271C21590076B84B /* TennisScore.swift */,
				E2C7C727271C21770076B84B /* TennisEvent.swift */,
				E2C7C729271C21840076B84B /* TennisEventType.swift */,
				E2C7C72D271C21C30076B84B /* TennisPoint.swift */,
				E2C7C754271F38960076B84B /* TennisLoggingError.swift */,
			);
			path = Tennis;
			sourceTree = "<group>";
		};
		E2C7C73B271DF7D40076B84B /* Tennis */ = {
			isa = PBXGroup;
			children = (
				E2C7C739271C3BFC0076B84B /* MiscTests.swift */,
				E2C7C73C271DF7DE0076B84B /* StateTransitionTests.swift */,
				E2C7C73E271DF7EA0076B84B /* ScoringTests.swift */,
				E2C7C740271DF7FD0076B84B /* StateDescriptionTests.swift */,
			);
			path = Tennis;
			sourceTree = "<group>";
		};
		E2D61314271B1BB900788B5A /* Services */ = {
			isa = PBXGroup;
			children = (
				E2D61315271B1BD700788B5A /* AuthProtocol.swift */,
				E2D61317271B1BD700788B5A /* FirebaseFirestoreAuth.swift */,
				E2D61316271B1BD700788B5A /* PreviewAuth.swift */,
			);
			path = Services;
			sourceTree = "<group>";
		};
		E2D6131D271B230600788B5A /* Styles */ = {
			isa = PBXGroup;
			children = (
				E2D6131E271B232B00788B5A /* GrowingPrimaryButtonStyle.swift */,
				E2D6131F271B232B00788B5A /* GrowingSecondaryButtonStyle.swift */,
				E2D61320271B232B00788B5A /* RRTextFieldStyle.swift */,
			);
			path = Styles;
			sourceTree = "<group>";
		};
		E2D61337271B2EBB00788B5A /* Racket Reel Tests */ = {
			isa = PBXGroup;
			children = (
				E2C7C73B271DF7D40076B84B /* Tennis */,
				E2D6133F271B2F0600788B5A /* AuthIntegrationTests.swift */,
			);
			path = "Racket Reel Tests";
			sourceTree = "<group>";
		};
		E2FF732C26A33710002209CA = {
			isa = PBXGroup;
			children = (
				E268560B26C8180100DEF435 /* Common */,
				E2FF733726A33710002209CA /* Racket Reel */,
				E2FF734826A33711002209CA /* Racket Reel WatchKit App */,
				E2FF735426A33711002209CA /* Racket Reel WatchKit Extension */,
				E2D61337271B2EBB00788B5A /* Racket Reel Tests */,
				E2FF733626A33710002209CA /* Products */,
				E260B60126BAFB3B00C35341 /* Frameworks */,
				7DED95CB640137CA3CD77FE1 /* Pods */,
			);
			sourceTree = "<group>";
		};
		E2FF733626A33710002209CA /* Products */ = {
			isa = PBXGroup;
			children = (
				E2FF733526A33710002209CA /* Racket Reel.app */,
				E2FF734426A33711002209CA /* Racket Reel WatchKit App.app */,
				E2FF735026A33711002209CA /* Racket Reel WatchKit Extension.appex */,
				E2D61336271B2EBB00788B5A /* Racket Reel Tests.xctest */,
			);
			name = Products;
			sourceTree = "<group>";
		};
		E2FF733726A33710002209CA /* Racket Reel */ = {
			isa = PBXGroup;
			children = (
				E2D61314271B1BB900788B5A /* Services */,
				E247252726CAD22A00C0DF7D /* ViewModel */,
				E2B926F926B5DD200075CBF6 /* View */,
				E2B926AC26B350D30075CBF6 /* Model */,
				E2FF733826A33710002209CA /* RacketReelApp.swift */,
				E2537D0026D429FE000A277E /* PersistenceController.swift */,
				E27733EC26DEA75500321805 /* VideoEditor.swift */,
				E2537D0226D4372C000A277E /* CoreDataWCSessionDelegate.swift */,
				E2B9269D26B350630075CBF6 /* Model.xcdatamodeld */,
				E2FF733C26A33711002209CA /* Assets.xcassets */,
				E2FF734126A33711002209CA /* Info.plist */,
				E2D6131B271B222500788B5A /* GoogleService-Info.plist */,
				E2FF733E26A33711002209CA /* Preview Content */,
			);
			path = "Racket Reel";
			sourceTree = "<group>";
		};
		E2FF733E26A33711002209CA /* Preview Content */ = {
			isa = PBXGroup;
			children = (
				E27733EA26DBCF2900321805 /* matches.json */,
				E2FF733F26A33711002209CA /* Preview Assets.xcassets */,
			);
			path = "Preview Content";
			sourceTree = "<group>";
		};
		E2FF734826A33711002209CA /* Racket Reel WatchKit App */ = {
			isa = PBXGroup;
			children = (
				E2FF734926A33711002209CA /* Assets.xcassets */,
				E2FF734B26A33711002209CA /* Info.plist */,
			);
			path = "Racket Reel WatchKit App";
			sourceTree = "<group>";
		};
		E2FF735426A33711002209CA /* Racket Reel WatchKit Extension */ = {
			isa = PBXGroup;
			children = (
				E2B9265926AC93280075CBF6 /* Model */,
				E2B9264626AC4FF50075CBF6 /* View */,
				E2FF735726A33711002209CA /* Game_Set_MatchApp.swift */,
				E2B11E4A26AC23A00049A48F /* ViewModel.swift */,
				E2FF735926A33711002209CA /* ComplicationController.swift */,
				E2FF735B26A33712002209CA /* Assets.xcassets */,
				E2FF736026A33712002209CA /* Info.plist */,
				E2FF735D26A33712002209CA /* Preview Content */,
			);
			path = "Racket Reel WatchKit Extension";
			sourceTree = "<group>";
		};
		E2FF735D26A33712002209CA /* Preview Content */ = {
			isa = PBXGroup;
			children = (
				E2FF735E26A33712002209CA /* Preview Assets.xcassets */,
			);
			path = "Preview Content";
			sourceTree = "<group>";
		};
/* End PBXGroup section */

/* Begin PBXNativeTarget section */
		E2D61335271B2EBB00788B5A /* Racket Reel Tests */ = {
			isa = PBXNativeTarget;
			buildConfigurationList = E2D6133C271B2EBB00788B5A /* Build configuration list for PBXNativeTarget "Racket Reel Tests" */;
			buildPhases = (
				9E4846487EF023A18B8918F4 /* [CP] Check Pods Manifest.lock */,
				E2D61332271B2EBB00788B5A /* Sources */,
				E2D61333271B2EBB00788B5A /* Frameworks */,
				E2D61334271B2EBB00788B5A /* Resources */,
			);
			buildRules = (
			);
			dependencies = (
				E2D6133B271B2EBB00788B5A /* PBXTargetDependency */,
			);
			name = "Racket Reel Tests";
			productName = "Racket Reel Tests";
			productReference = E2D61336271B2EBB00788B5A /* Racket Reel Tests.xctest */;
			productType = "com.apple.product-type.bundle.unit-test";
		};
		E2FF733426A33710002209CA /* Racket Reel */ = {
			isa = PBXNativeTarget;
			buildConfigurationList = E2FF736B26A33712002209CA /* Build configuration list for PBXNativeTarget "Racket Reel" */;
			buildPhases = (
				83EF2031DA7668B1A434EA07 /* [CP] Check Pods Manifest.lock */,
				E2FF733126A33710002209CA /* Sources */,
				E2FF733226A33710002209CA /* Frameworks */,
				E2FF733326A33710002209CA /* Resources */,
				E2FF736A26A33712002209CA /* Embed Watch Content */,
				880451000A213EA8234CD855 /* [CP] Embed Pods Frameworks */,
			);
			buildRules = (
			);
			dependencies = (
				E2FF734726A33711002209CA /* PBXTargetDependency */,
			);
			name = "Racket Reel";
			productName = "Racket Reel";
			productReference = E2FF733526A33710002209CA /* Racket Reel.app */;
			productType = "com.apple.product-type.application";
		};
		E2FF734326A33711002209CA /* Racket Reel WatchKit App */ = {
			isa = PBXNativeTarget;
			buildConfigurationList = E2FF736726A33712002209CA /* Build configuration list for PBXNativeTarget "Racket Reel WatchKit App" */;
			buildPhases = (
				E2FF734226A33711002209CA /* Resources */,
				E2FF736626A33712002209CA /* Embed App Extensions */,
			);
			buildRules = (
			);
			dependencies = (
				E2FF735326A33711002209CA /* PBXTargetDependency */,
			);
			name = "Racket Reel WatchKit App";
			productName = "Racket Reel WatchKit App";
			productReference = E2FF734426A33711002209CA /* Racket Reel WatchKit App.app */;
			productType = "com.apple.product-type.application.watchapp2";
		};
		E2FF734F26A33711002209CA /* Racket Reel WatchKit Extension */ = {
			isa = PBXNativeTarget;
			buildConfigurationList = E2FF736326A33712002209CA /* Build configuration list for PBXNativeTarget "Racket Reel WatchKit Extension" */;
			buildPhases = (
				E2FF734C26A33711002209CA /* Sources */,
				E2FF734D26A33711002209CA /* Frameworks */,
				E2FF734E26A33711002209CA /* Resources */,
			);
			buildRules = (
			);
			dependencies = (
			);
			name = "Racket Reel WatchKit Extension";
			productName = "Racket Reel WatchKit Extension";
			productReference = E2FF735026A33711002209CA /* Racket Reel WatchKit Extension.appex */;
			productType = "com.apple.product-type.watchkit2-extension";
		};
/* End PBXNativeTarget section */

/* Begin PBXProject section */
		E2FF732D26A33710002209CA /* Project object */ = {
			isa = PBXProject;
			attributes = {
				LastSwiftUpdateCheck = 1300;
				LastUpgradeCheck = 1250;
				TargetAttributes = {
					E2D61335271B2EBB00788B5A = {
						CreatedOnToolsVersion = 13.0;
						TestTargetID = E2FF733426A33710002209CA;
					};
					E2FF733426A33710002209CA = {
						CreatedOnToolsVersion = 12.5.1;
					};
					E2FF734326A33711002209CA = {
						CreatedOnToolsVersion = 12.5.1;
					};
					E2FF734F26A33711002209CA = {
						CreatedOnToolsVersion = 12.5.1;
					};
				};
			};
			buildConfigurationList = E2FF733026A33710002209CA /* Build configuration list for PBXProject "Racket Reel" */;
			compatibilityVersion = "Xcode 9.3";
			developmentRegion = en;
			hasScannedForEncodings = 0;
			knownRegions = (
				en,
				Base,
			);
			mainGroup = E2FF732C26A33710002209CA;
			productRefGroup = E2FF733626A33710002209CA /* Products */;
			projectDirPath = "";
			projectRoot = "";
			targets = (
				E2FF733426A33710002209CA /* Racket Reel */,
				E2FF734326A33711002209CA /* Racket Reel WatchKit App */,
				E2FF734F26A33711002209CA /* Racket Reel WatchKit Extension */,
				E2D61335271B2EBB00788B5A /* Racket Reel Tests */,
			);
		};
/* End PBXProject section */

/* Begin PBXResourcesBuildPhase section */
		E2D61334271B2EBB00788B5A /* Resources */ = {
			isa = PBXResourcesBuildPhase;
			buildActionMask = 2147483647;
			files = (
			);
			runOnlyForDeploymentPostprocessing = 0;
		};
		E2FF733326A33710002209CA /* Resources */ = {
			isa = PBXResourcesBuildPhase;
			buildActionMask = 2147483647;
			files = (
				E2FF734026A33711002209CA /* Preview Assets.xcassets in Resources */,
				E2D6131C271B222500788B5A /* GoogleService-Info.plist in Resources */,
				E27733EB26DBCF2900321805 /* matches.json in Resources */,
				E2FF733D26A33711002209CA /* Assets.xcassets in Resources */,
			);
			runOnlyForDeploymentPostprocessing = 0;
		};
		E2FF734226A33711002209CA /* Resources */ = {
			isa = PBXResourcesBuildPhase;
			buildActionMask = 2147483647;
			files = (
				E2FF734A26A33711002209CA /* Assets.xcassets in Resources */,
			);
			runOnlyForDeploymentPostprocessing = 0;
		};
		E2FF734E26A33711002209CA /* Resources */ = {
			isa = PBXResourcesBuildPhase;
			buildActionMask = 2147483647;
			files = (
				E2FF735F26A33712002209CA /* Preview Assets.xcassets in Resources */,
				E2FF735C26A33712002209CA /* Assets.xcassets in Resources */,
			);
			runOnlyForDeploymentPostprocessing = 0;
		};
/* End PBXResourcesBuildPhase section */

/* Begin PBXShellScriptBuildPhase section */
		83EF2031DA7668B1A434EA07 /* [CP] Check Pods Manifest.lock */ = {
			isa = PBXShellScriptBuildPhase;
			buildActionMask = 2147483647;
			files = (
			);
			inputFileListPaths = (
			);
			inputPaths = (
				"${PODS_PODFILE_DIR_PATH}/Podfile.lock",
				"${PODS_ROOT}/Manifest.lock",
			);
			name = "[CP] Check Pods Manifest.lock";
			outputFileListPaths = (
			);
			outputPaths = (
				"$(DERIVED_FILE_DIR)/Pods-Racket Reel-checkManifestLockResult.txt",
			);
			runOnlyForDeploymentPostprocessing = 0;
			shellPath = /bin/sh;
			shellScript = "diff \"${PODS_PODFILE_DIR_PATH}/Podfile.lock\" \"${PODS_ROOT}/Manifest.lock\" > /dev/null\nif [ $? != 0 ] ; then\n    # print error to STDERR\n    echo \"error: The sandbox is not in sync with the Podfile.lock. Run 'pod install' or update your CocoaPods installation.\" >&2\n    exit 1\nfi\n# This output is used by Xcode 'outputs' to avoid re-running this script phase.\necho \"SUCCESS\" > \"${SCRIPT_OUTPUT_FILE_0}\"\n";
			showEnvVarsInLog = 0;
		};
		880451000A213EA8234CD855 /* [CP] Embed Pods Frameworks */ = {
			isa = PBXShellScriptBuildPhase;
			buildActionMask = 2147483647;
			files = (
			);
			inputFileListPaths = (
				"${PODS_ROOT}/Target Support Files/Pods-Racket Reel/Pods-Racket Reel-frameworks-${CONFIGURATION}-input-files.xcfilelist",
			);
			name = "[CP] Embed Pods Frameworks";
			outputFileListPaths = (
				"${PODS_ROOT}/Target Support Files/Pods-Racket Reel/Pods-Racket Reel-frameworks-${CONFIGURATION}-output-files.xcfilelist",
			);
			runOnlyForDeploymentPostprocessing = 0;
			shellPath = /bin/sh;
			shellScript = "\"${PODS_ROOT}/Target Support Files/Pods-Racket Reel/Pods-Racket Reel-frameworks.sh\"\n";
			showEnvVarsInLog = 0;
		};
		9E4846487EF023A18B8918F4 /* [CP] Check Pods Manifest.lock */ = {
			isa = PBXShellScriptBuildPhase;
			buildActionMask = 2147483647;
			files = (
			);
			inputFileListPaths = (
			);
			inputPaths = (
				"${PODS_PODFILE_DIR_PATH}/Podfile.lock",
				"${PODS_ROOT}/Manifest.lock",
			);
			name = "[CP] Check Pods Manifest.lock";
			outputFileListPaths = (
			);
			outputPaths = (
				"$(DERIVED_FILE_DIR)/Pods-Racket Reel Tests-checkManifestLockResult.txt",
			);
			runOnlyForDeploymentPostprocessing = 0;
			shellPath = /bin/sh;
			shellScript = "diff \"${PODS_PODFILE_DIR_PATH}/Podfile.lock\" \"${PODS_ROOT}/Manifest.lock\" > /dev/null\nif [ $? != 0 ] ; then\n    # print error to STDERR\n    echo \"error: The sandbox is not in sync with the Podfile.lock. Run 'pod install' or update your CocoaPods installation.\" >&2\n    exit 1\nfi\n# This output is used by Xcode 'outputs' to avoid re-running this script phase.\necho \"SUCCESS\" > \"${SCRIPT_OUTPUT_FILE_0}\"\n";
			showEnvVarsInLog = 0;
		};
/* End PBXShellScriptBuildPhase section */

/* Begin PBXSourcesBuildPhase section */
		E2D61332271B2EBB00788B5A /* Sources */ = {
			isa = PBXSourcesBuildPhase;
			buildActionMask = 2147483647;
			files = (
				E2C7C73D271DF7DE0076B84B /* StateTransitionTests.swift in Sources */,
				E2C7C756271F38960076B84B /* TennisLoggingError.swift in Sources */,
				E2C7C73F271DF7EA0076B84B /* ScoringTests.swift in Sources */,
				E2C7C741271DF7FD0076B84B /* StateDescriptionTests.swift in Sources */,
				E2C7C73A271C3BFC0076B84B /* MiscTests.swift in Sources */,
				E2D61340271B2F0600788B5A /* AuthIntegrationTests.swift in Sources */,
				E2C7C75A271F62E20076B84B /* TeamMembersWrapper.swift in Sources */,
			);
			runOnlyForDeploymentPostprocessing = 0;
		};
		E2FF733126A33710002209CA /* Sources */ = {
			isa = PBXSourcesBuildPhase;
			buildActionMask = 2147483647;
			files = (
				E2C7C746271E06D20076B84B /* TennisMatch+Constants.swift in Sources */,
				E2D6132E271B23C700788B5A /* LogInView.swift in Sources */,
				E2D61319271B1BD700788B5A /* PreviewAuth.swift in Sources */,
				E2C7C76327208E420076B84B /* AuthenticationSubview.swift in Sources */,
				E2C7C736271C3B370076B84B /* TeamMember.swift in Sources */,
				E2D61302271B115000788B5A /* MainViewModel.swift in Sources */,
				E2D61322271B232B00788B5A /* GrowingSecondaryButtonStyle.swift in Sources */,
				E2D61303271B115000788B5A /* MainView.swift in Sources */,
				E2C7C738271C3B400076B84B /* TeamType.swift in Sources */,
				E2D61304271B115000788B5A /* MatchListItemView.swift in Sources */,
				E2D61305271B115000788B5A /* MatchView.swift in Sources */,
				E2C7C71E271C205C0076B84B /* TennisMatch+StateTransition.swift in Sources */,
				E2C7C728271C21770076B84B /* TennisEvent.swift in Sources */,
				E2D61306271B115000788B5A /* ScoreBoardView.swift in Sources */,
				E2C7C726271C21590076B84B /* TennisScore.swift in Sources */,
				E2D61307271B115000788B5A /* MatchStateView.swift in Sources */,
				E2C7C724271C21430076B84B /* TennisState.swift in Sources */,
				E2D6131A271B1BD700788B5A /* FirebaseFirestoreAuth.swift in Sources */,
				E2D61321271B232B00788B5A /* GrowingPrimaryButtonStyle.swift in Sources */,
				E2D6132F271B23C700788B5A /* ContentView.swift in Sources */,
				E2D61308271B115000788B5A /* Match+CoreDataClass.swift in Sources */,
				E2D61330271B23C700788B5A /* RegisterView.swift in Sources */,
				E2D61309271B115000788B5A /* Match+Helper.swift in Sources */,
				E2D61313271B1B9900788B5A /* User.swift in Sources */,
				E2D61331271B23C700788B5A /* ActivityIndicator.swift in Sources */,
				E2C7C72A271C21840076B84B /* TennisEventType.swift in Sources */,
				E2C7C72C271C21AE0076B84B /* Team.swift in Sources */,
				E2C7C755271F38960076B84B /* TennisLoggingError.swift in Sources */,
				E2C7C75F272085C40076B84B /* UserView.swift in Sources */,
				E2C7C72E271C21C30076B84B /* TennisPoint.swift in Sources */,
				E2C7C71C271C20430076B84B /* TennisMatch.swift in Sources */,
				E2D61327271B23A100788B5A /* LogInViewModel.swift in Sources */,
				E2D6130A271B115000788B5A /* Match+Preview.swift in Sources */,
				E2D6130B271B115000788B5A /* MatchPreferences+CoreDataClass.swift in Sources */,
				E2D61323271B232B00788B5A /* RRTextFieldStyle.swift in Sources */,
				E2D6130C271B115000788B5A /* MatchState+CoreDataClass.swift in Sources */,
				E2D6130D271B115000788B5A /* MatchState+Helper.swift in Sources */,
				E2C7C722271C212A0076B84B /* TennisPreferences.swift in Sources */,
				E2D61318271B1BD700788B5A /* AuthProtocol.swift in Sources */,
				E2D6130E271B115000788B5A /* RacketReelApp.swift in Sources */,
				E2C7C759271F62E20076B84B /* TeamMembersWrapper.swift in Sources */,
				E2D6130F271B115000788B5A /* PersistenceController.swift in Sources */,
				E2D61310271B115000788B5A /* VideoEditor.swift in Sources */,
				E2D61311271B115000788B5A /* CoreDataWCSessionDelegate.swift in Sources */,
				E2D61328271B23A100788B5A /* ContentViewModel.swift in Sources */,
				E2C7C75D272085740076B84B /* NewMatchView.swift in Sources */,
				E2C7C720271C207D0076B84B /* TennisMatch+StateDescription.swift in Sources */,
				E268560626C808B000DEF435 /* PointDescription.swift in Sources */,
				E2C7C76127208E130076B84B /* AuthenticationView.swift in Sources */,
				E2D61329271B23A100788B5A /* RegisterViewModel.swift in Sources */,
				E2B9269F26B350630075CBF6 /* Model.xcdatamodeld in Sources */,
				E268560426C8082A00DEF435 /* GenerationEvent.swift in Sources */,
			);
			runOnlyForDeploymentPostprocessing = 0;
		};
		E2FF734C26A33711002209CA /* Sources */ = {
			isa = PBXSourcesBuildPhase;
			buildActionMask = 2147483647;
			files = (
				E2C7C75B2720830D0076B84B /* TeamMembersWrapper.swift in Sources */,
				E2C7C757271F439C0076B84B /* TennisLoggingError.swift in Sources */,
				E2C7C747271F33490076B84B /* TennisMatch.swift in Sources */,
				E2C7C748271F33490076B84B /* TennisMatch+StateTransition.swift in Sources */,
				E2C7C749271F33490076B84B /* TennisMatch+StateDescription.swift in Sources */,
				E2C7C74A271F33490076B84B /* TennisPreferences.swift in Sources */,
				E2C7C74B271F33490076B84B /* TennisMatch+Constants.swift in Sources */,
				E2C7C74C271F33490076B84B /* TennisState.swift in Sources */,
				E2C7C74D271F33490076B84B /* TennisScore.swift in Sources */,
				E2C7C74E271F33490076B84B /* TennisEvent.swift in Sources */,
				E2C7C74F271F33490076B84B /* TennisEventType.swift in Sources */,
				E2C7C750271F33490076B84B /* TennisPoint.swift in Sources */,
				E2C7C751271F33490076B84B /* Team.swift in Sources */,
				E2C7C752271F33490076B84B /* TeamMember.swift in Sources */,
				E2C7C753271F33490076B84B /* TeamType.swift in Sources */,
				E268560C26C818CE00DEF435 /* PointDescription.swift in Sources */,
				E268560D26C818CE00DEF435 /* GenerationEvent.swift in Sources */,
				E2B9264A26AC50C50075CBF6 /* MatchPreferences.swift in Sources */,
				E273A0AF26AC16B000259066 /* Match.swift in Sources */,
				E273A0B026AC16B000259066 /* MatchState.swift in Sources */,
				E2B11E5126AC435C0049A48F /* ContentView.swift in Sources */,
				E2B11E4B26AC23A00049A48F /* ViewModel.swift in Sources */,
				E2B11E5526AC453B0049A48F /* MatchSetUpView.swift in Sources */,
				E2B9266426ACABE10075CBF6 /* MatchOverView.swift in Sources */,
				E2B9265626AC62B10075CBF6 /* ScoreBoardView.swift in Sources */,
				E263E6B026A9F88400173F1D /* PlayerType.swift in Sources */,
				E2B9265226AC61750075CBF6 /* MatchView.swift in Sources */,
				E2FF735826A33711002209CA /* Game_Set_MatchApp.swift in Sources */,
				E2FF735A26A33711002209CA /* ComplicationController.swift in Sources */,
				E2B11E5926AC46370049A48F /* ViewType.swift in Sources */,
				E2B11E5726AC45AA0049A48F /* WelcomeView.swift in Sources */,
			);
			runOnlyForDeploymentPostprocessing = 0;
		};
/* End PBXSourcesBuildPhase section */

/* Begin PBXTargetDependency section */
		E2D6133B271B2EBB00788B5A /* PBXTargetDependency */ = {
			isa = PBXTargetDependency;
			target = E2FF733426A33710002209CA /* Racket Reel */;
			targetProxy = E2D6133A271B2EBB00788B5A /* PBXContainerItemProxy */;
		};
		E2FF734726A33711002209CA /* PBXTargetDependency */ = {
			isa = PBXTargetDependency;
			target = E2FF734326A33711002209CA /* Racket Reel WatchKit App */;
			targetProxy = E2FF734626A33711002209CA /* PBXContainerItemProxy */;
		};
		E2FF735326A33711002209CA /* PBXTargetDependency */ = {
			isa = PBXTargetDependency;
			target = E2FF734F26A33711002209CA /* Racket Reel WatchKit Extension */;
			targetProxy = E2FF735226A33711002209CA /* PBXContainerItemProxy */;
		};
/* End PBXTargetDependency section */

/* Begin XCBuildConfiguration section */
		E2D6133D271B2EBB00788B5A /* Debug */ = {
			isa = XCBuildConfiguration;
			baseConfigurationReference = 7DEDCF038C777AF3B34195D0 /* Pods-Racket Reel Tests.debug.xcconfig */;
			buildSettings = {
				BUNDLE_LOADER = "$(TEST_HOST)";
				CLANG_CXX_LANGUAGE_STANDARD = "gnu++17";
				CODE_SIGN_STYLE = Automatic;
				CURRENT_PROJECT_VERSION = 1;
				DEVELOPMENT_TEAM = N77FNQX2YM;
				GENERATE_INFOPLIST_FILE = YES;
				IPHONEOS_DEPLOYMENT_TARGET = 15.0;
				LD_RUNPATH_SEARCH_PATHS = (
					"$(inherited)",
					"@executable_path/Frameworks",
					"@loader_path/Frameworks",
				);
				MARKETING_VERSION = 1.0;
				PRODUCT_BUNDLE_IDENTIFIER = "com.tomelvidge.Racket-Reel-Tests";
				PRODUCT_NAME = "$(TARGET_NAME)";
				SDKROOT = iphoneos;
				SWIFT_EMIT_LOC_STRINGS = NO;
				SWIFT_VERSION = 5.0;
				TARGETED_DEVICE_FAMILY = "1,2";
				TEST_HOST = "$(BUILT_PRODUCTS_DIR)/Racket Reel.app/Racket Reel";
			};
			name = Debug;
		};
		E2D6133E271B2EBB00788B5A /* Release */ = {
			isa = XCBuildConfiguration;
			baseConfigurationReference = F2E3F4D9A82E276EE1B2561B /* Pods-Racket Reel Tests.release.xcconfig */;
			buildSettings = {
				BUNDLE_LOADER = "$(TEST_HOST)";
				CLANG_CXX_LANGUAGE_STANDARD = "gnu++17";
				CODE_SIGN_STYLE = Automatic;
				CURRENT_PROJECT_VERSION = 1;
				DEVELOPMENT_TEAM = N77FNQX2YM;
				GENERATE_INFOPLIST_FILE = YES;
				IPHONEOS_DEPLOYMENT_TARGET = 15.0;
				LD_RUNPATH_SEARCH_PATHS = (
					"$(inherited)",
					"@executable_path/Frameworks",
					"@loader_path/Frameworks",
				);
				MARKETING_VERSION = 1.0;
				PRODUCT_BUNDLE_IDENTIFIER = "com.tomelvidge.Racket-Reel-Tests";
				PRODUCT_NAME = "$(TARGET_NAME)";
				SDKROOT = iphoneos;
				SWIFT_EMIT_LOC_STRINGS = NO;
				SWIFT_VERSION = 5.0;
				TARGETED_DEVICE_FAMILY = "1,2";
				TEST_HOST = "$(BUILT_PRODUCTS_DIR)/Racket Reel.app/Racket Reel";
				VALIDATE_PRODUCT = YES;
			};
			name = Release;
		};
		E2FF736126A33712002209CA /* Debug */ = {
			isa = XCBuildConfiguration;
			buildSettings = {
				ALWAYS_SEARCH_USER_PATHS = NO;
				CLANG_ANALYZER_NONNULL = YES;
				CLANG_ANALYZER_NUMBER_OBJECT_CONVERSION = YES_AGGRESSIVE;
				CLANG_CXX_LANGUAGE_STANDARD = "gnu++14";
				CLANG_CXX_LIBRARY = "libc++";
				CLANG_ENABLE_MODULES = YES;
				CLANG_ENABLE_OBJC_ARC = YES;
				CLANG_ENABLE_OBJC_WEAK = YES;
				CLANG_WARN_BLOCK_CAPTURE_AUTORELEASING = YES;
				CLANG_WARN_BOOL_CONVERSION = YES;
				CLANG_WARN_COMMA = YES;
				CLANG_WARN_CONSTANT_CONVERSION = YES;
				CLANG_WARN_DEPRECATED_OBJC_IMPLEMENTATIONS = YES;
				CLANG_WARN_DIRECT_OBJC_ISA_USAGE = YES_ERROR;
				CLANG_WARN_DOCUMENTATION_COMMENTS = YES;
				CLANG_WARN_EMPTY_BODY = YES;
				CLANG_WARN_ENUM_CONVERSION = YES;
				CLANG_WARN_INFINITE_RECURSION = YES;
				CLANG_WARN_INT_CONVERSION = YES;
				CLANG_WARN_NON_LITERAL_NULL_CONVERSION = YES;
				CLANG_WARN_OBJC_IMPLICIT_RETAIN_SELF = YES;
				CLANG_WARN_OBJC_LITERAL_CONVERSION = YES;
				CLANG_WARN_OBJC_ROOT_CLASS = YES_ERROR;
				CLANG_WARN_QUOTED_INCLUDE_IN_FRAMEWORK_HEADER = YES;
				CLANG_WARN_RANGE_LOOP_ANALYSIS = YES;
				CLANG_WARN_STRICT_PROTOTYPES = YES;
				CLANG_WARN_SUSPICIOUS_MOVE = YES;
				CLANG_WARN_UNGUARDED_AVAILABILITY = YES_AGGRESSIVE;
				CLANG_WARN_UNREACHABLE_CODE = YES;
				CLANG_WARN__DUPLICATE_METHOD_MATCH = YES;
				COPY_PHASE_STRIP = NO;
				DEBUG_INFORMATION_FORMAT = dwarf;
				ENABLE_STRICT_OBJC_MSGSEND = YES;
				ENABLE_TESTABILITY = YES;
				GCC_C_LANGUAGE_STANDARD = gnu11;
				GCC_DYNAMIC_NO_PIC = NO;
				GCC_NO_COMMON_BLOCKS = YES;
				GCC_OPTIMIZATION_LEVEL = 0;
				GCC_PREPROCESSOR_DEFINITIONS = (
					"DEBUG=1",
					"$(inherited)",
				);
				GCC_WARN_64_TO_32_BIT_CONVERSION = YES;
				GCC_WARN_ABOUT_RETURN_TYPE = YES_ERROR;
				GCC_WARN_UNDECLARED_SELECTOR = YES;
				GCC_WARN_UNINITIALIZED_AUTOS = YES_AGGRESSIVE;
				GCC_WARN_UNUSED_FUNCTION = YES;
				GCC_WARN_UNUSED_VARIABLE = YES;
				MTL_ENABLE_DEBUG_INFO = INCLUDE_SOURCE;
				MTL_FAST_MATH = YES;
				ONLY_ACTIVE_ARCH = YES;
				SWIFT_ACTIVE_COMPILATION_CONDITIONS = DEBUG;
				SWIFT_OPTIMIZATION_LEVEL = "-Onone";
			};
			name = Debug;
		};
		E2FF736226A33712002209CA /* Release */ = {
			isa = XCBuildConfiguration;
			buildSettings = {
				ALWAYS_SEARCH_USER_PATHS = NO;
				CLANG_ANALYZER_NONNULL = YES;
				CLANG_ANALYZER_NUMBER_OBJECT_CONVERSION = YES_AGGRESSIVE;
				CLANG_CXX_LANGUAGE_STANDARD = "gnu++14";
				CLANG_CXX_LIBRARY = "libc++";
				CLANG_ENABLE_MODULES = YES;
				CLANG_ENABLE_OBJC_ARC = YES;
				CLANG_ENABLE_OBJC_WEAK = YES;
				CLANG_WARN_BLOCK_CAPTURE_AUTORELEASING = YES;
				CLANG_WARN_BOOL_CONVERSION = YES;
				CLANG_WARN_COMMA = YES;
				CLANG_WARN_CONSTANT_CONVERSION = YES;
				CLANG_WARN_DEPRECATED_OBJC_IMPLEMENTATIONS = YES;
				CLANG_WARN_DIRECT_OBJC_ISA_USAGE = YES_ERROR;
				CLANG_WARN_DOCUMENTATION_COMMENTS = YES;
				CLANG_WARN_EMPTY_BODY = YES;
				CLANG_WARN_ENUM_CONVERSION = YES;
				CLANG_WARN_INFINITE_RECURSION = YES;
				CLANG_WARN_INT_CONVERSION = YES;
				CLANG_WARN_NON_LITERAL_NULL_CONVERSION = YES;
				CLANG_WARN_OBJC_IMPLICIT_RETAIN_SELF = YES;
				CLANG_WARN_OBJC_LITERAL_CONVERSION = YES;
				CLANG_WARN_OBJC_ROOT_CLASS = YES_ERROR;
				CLANG_WARN_QUOTED_INCLUDE_IN_FRAMEWORK_HEADER = YES;
				CLANG_WARN_RANGE_LOOP_ANALYSIS = YES;
				CLANG_WARN_STRICT_PROTOTYPES = YES;
				CLANG_WARN_SUSPICIOUS_MOVE = YES;
				CLANG_WARN_UNGUARDED_AVAILABILITY = YES_AGGRESSIVE;
				CLANG_WARN_UNREACHABLE_CODE = YES;
				CLANG_WARN__DUPLICATE_METHOD_MATCH = YES;
				COPY_PHASE_STRIP = NO;
				DEBUG_INFORMATION_FORMAT = "dwarf-with-dsym";
				ENABLE_NS_ASSERTIONS = NO;
				ENABLE_STRICT_OBJC_MSGSEND = YES;
				GCC_C_LANGUAGE_STANDARD = gnu11;
				GCC_NO_COMMON_BLOCKS = YES;
				GCC_WARN_64_TO_32_BIT_CONVERSION = YES;
				GCC_WARN_ABOUT_RETURN_TYPE = YES_ERROR;
				GCC_WARN_UNDECLARED_SELECTOR = YES;
				GCC_WARN_UNINITIALIZED_AUTOS = YES_AGGRESSIVE;
				GCC_WARN_UNUSED_FUNCTION = YES;
				GCC_WARN_UNUSED_VARIABLE = YES;
				MTL_ENABLE_DEBUG_INFO = NO;
				MTL_FAST_MATH = YES;
				SWIFT_COMPILATION_MODE = wholemodule;
				SWIFT_OPTIMIZATION_LEVEL = "-O";
			};
			name = Release;
		};
		E2FF736426A33712002209CA /* Debug */ = {
			isa = XCBuildConfiguration;
			buildSettings = {
				ASSETCATALOG_COMPILER_COMPLICATION_NAME = Complication;
				CODE_SIGN_ENTITLEMENTS = "Racket Reel WatchKit Extension/Racket Reel WatchKit Extension.entitlements";
				CODE_SIGN_STYLE = Automatic;
				DEVELOPMENT_ASSET_PATHS = "\"Racket Reel WatchKit Extension/Preview Content\"";
				DEVELOPMENT_TEAM = N77FNQX2YM;
				ENABLE_PREVIEWS = YES;
				INFOPLIST_FILE = "Racket Reel WatchKit Extension/Info.plist";
				LD_RUNPATH_SEARCH_PATHS = (
					"$(inherited)",
					"@executable_path/Frameworks",
					"@executable_path/../../Frameworks",
				);
				PRODUCT_BUNDLE_IDENTIFIER = com.tomelvidge.com.RacketReel.watchkitapp.watchkitextension;
				PRODUCT_NAME = "${TARGET_NAME}";
				SDKROOT = watchos;
				SKIP_INSTALL = YES;
				SWIFT_VERSION = 5.0;
				TARGETED_DEVICE_FAMILY = 4;
				WATCHOS_DEPLOYMENT_TARGET = 7.4;
			};
			name = Debug;
		};
		E2FF736526A33712002209CA /* Release */ = {
			isa = XCBuildConfiguration;
			buildSettings = {
				ASSETCATALOG_COMPILER_COMPLICATION_NAME = Complication;
				CODE_SIGN_ENTITLEMENTS = "Racket Reel WatchKit Extension/Racket Reel WatchKit Extension.entitlements";
				CODE_SIGN_STYLE = Automatic;
				DEVELOPMENT_ASSET_PATHS = "\"Racket Reel WatchKit Extension/Preview Content\"";
				DEVELOPMENT_TEAM = N77FNQX2YM;
				ENABLE_PREVIEWS = YES;
				INFOPLIST_FILE = "Racket Reel WatchKit Extension/Info.plist";
				LD_RUNPATH_SEARCH_PATHS = (
					"$(inherited)",
					"@executable_path/Frameworks",
					"@executable_path/../../Frameworks",
				);
				PRODUCT_BUNDLE_IDENTIFIER = com.tomelvidge.com.RacketReel.watchkitapp.watchkitextension;
				PRODUCT_NAME = "${TARGET_NAME}";
				SDKROOT = watchos;
				SKIP_INSTALL = YES;
				SWIFT_VERSION = 5.0;
				TARGETED_DEVICE_FAMILY = 4;
				VALIDATE_PRODUCT = YES;
				WATCHOS_DEPLOYMENT_TARGET = 7.4;
			};
			name = Release;
		};
		E2FF736826A33712002209CA /* Debug */ = {
			isa = XCBuildConfiguration;
			buildSettings = {
				ALWAYS_EMBED_SWIFT_STANDARD_LIBRARIES = YES;
				ASSETCATALOG_COMPILER_APPICON_NAME = AppIcon;
				ASSETCATALOG_COMPILER_GLOBAL_ACCENT_COLOR_NAME = AccentColor;
				CODE_SIGN_STYLE = Automatic;
				DEVELOPMENT_TEAM = N77FNQX2YM;
				IBSC_MODULE = Game_Set_Match_WatchKit_Extension;
				INFOPLIST_FILE = "Racket Reel WatchKit App/Info.plist";
				PRODUCT_BUNDLE_IDENTIFIER = com.tomelvidge.com.RacketReel.watchkitapp;
				PRODUCT_NAME = "$(TARGET_NAME)";
				SDKROOT = watchos;
				SKIP_INSTALL = YES;
				SWIFT_VERSION = 5.0;
				TARGETED_DEVICE_FAMILY = 4;
				WATCHOS_DEPLOYMENT_TARGET = 7.4;
			};
			name = Debug;
		};
		E2FF736926A33712002209CA /* Release */ = {
			isa = XCBuildConfiguration;
			buildSettings = {
				ALWAYS_EMBED_SWIFT_STANDARD_LIBRARIES = YES;
				ASSETCATALOG_COMPILER_APPICON_NAME = AppIcon;
				ASSETCATALOG_COMPILER_GLOBAL_ACCENT_COLOR_NAME = AccentColor;
				CODE_SIGN_STYLE = Automatic;
				DEVELOPMENT_TEAM = N77FNQX2YM;
				IBSC_MODULE = Game_Set_Match_WatchKit_Extension;
				INFOPLIST_FILE = "Racket Reel WatchKit App/Info.plist";
				PRODUCT_BUNDLE_IDENTIFIER = com.tomelvidge.com.RacketReel.watchkitapp;
				PRODUCT_NAME = "$(TARGET_NAME)";
				SDKROOT = watchos;
				SKIP_INSTALL = YES;
				SWIFT_VERSION = 5.0;
				TARGETED_DEVICE_FAMILY = 4;
				VALIDATE_PRODUCT = YES;
				WATCHOS_DEPLOYMENT_TARGET = 7.4;
			};
			name = Release;
		};
		E2FF736C26A33712002209CA /* Debug */ = {
			isa = XCBuildConfiguration;
			baseConfigurationReference = B6A1C5CEBF893F3C9F6CD97B /* Pods-Racket Reel.debug.xcconfig */;
			buildSettings = {
				ASSETCATALOG_COMPILER_APPICON_NAME = AppIcon;
				ASSETCATALOG_COMPILER_GLOBAL_ACCENT_COLOR_NAME = AccentColor;
				CODE_SIGN_STYLE = Automatic;
				DEVELOPMENT_ASSET_PATHS = "\"Racket Reel/Preview Content\"";
				DEVELOPMENT_TEAM = N77FNQX2YM;
				ENABLE_PREVIEWS = YES;
				INFOPLIST_FILE = "Racket Reel/Info.plist";
				IPHONEOS_DEPLOYMENT_TARGET = 14.5;
				LD_RUNPATH_SEARCH_PATHS = (
					"$(inherited)",
					"@executable_path/Frameworks",
				);
				PRODUCT_BUNDLE_IDENTIFIER = com.tomelvidge.com.RacketReel;
				PRODUCT_NAME = "$(TARGET_NAME)";
				SDKROOT = iphoneos;
				SWIFT_VERSION = 5.0;
				TARGETED_DEVICE_FAMILY = "1,2";
			};
			name = Debug;
		};
		E2FF736D26A33712002209CA /* Release */ = {
			isa = XCBuildConfiguration;
			baseConfigurationReference = CE2942E2EBD7199D25F021C7 /* Pods-Racket Reel.release.xcconfig */;
			buildSettings = {
				ASSETCATALOG_COMPILER_APPICON_NAME = AppIcon;
				ASSETCATALOG_COMPILER_GLOBAL_ACCENT_COLOR_NAME = AccentColor;
				CODE_SIGN_STYLE = Automatic;
				DEVELOPMENT_ASSET_PATHS = "\"Racket Reel/Preview Content\"";
				DEVELOPMENT_TEAM = N77FNQX2YM;
				ENABLE_PREVIEWS = YES;
				INFOPLIST_FILE = "Racket Reel/Info.plist";
				IPHONEOS_DEPLOYMENT_TARGET = 14.5;
				LD_RUNPATH_SEARCH_PATHS = (
					"$(inherited)",
					"@executable_path/Frameworks",
				);
				PRODUCT_BUNDLE_IDENTIFIER = com.tomelvidge.com.RacketReel;
				PRODUCT_NAME = "$(TARGET_NAME)";
				SDKROOT = iphoneos;
				SWIFT_VERSION = 5.0;
				TARGETED_DEVICE_FAMILY = "1,2";
				VALIDATE_PRODUCT = YES;
			};
			name = Release;
		};
/* End XCBuildConfiguration section */

/* Begin XCConfigurationList section */
		E2D6133C271B2EBB00788B5A /* Build configuration list for PBXNativeTarget "Racket Reel Tests" */ = {
			isa = XCConfigurationList;
			buildConfigurations = (
				E2D6133D271B2EBB00788B5A /* Debug */,
				E2D6133E271B2EBB00788B5A /* Release */,
			);
			defaultConfigurationIsVisible = 0;
			defaultConfigurationName = Release;
		};
		E2FF733026A33710002209CA /* Build configuration list for PBXProject "Racket Reel" */ = {
			isa = XCConfigurationList;
			buildConfigurations = (
				E2FF736126A33712002209CA /* Debug */,
				E2FF736226A33712002209CA /* Release */,
			);
			defaultConfigurationIsVisible = 0;
			defaultConfigurationName = Release;
		};
		E2FF736326A33712002209CA /* Build configuration list for PBXNativeTarget "Racket Reel WatchKit Extension" */ = {
			isa = XCConfigurationList;
			buildConfigurations = (
				E2FF736426A33712002209CA /* Debug */,
				E2FF736526A33712002209CA /* Release */,
			);
			defaultConfigurationIsVisible = 0;
			defaultConfigurationName = Release;
		};
		E2FF736726A33712002209CA /* Build configuration list for PBXNativeTarget "Racket Reel WatchKit App" */ = {
			isa = XCConfigurationList;
			buildConfigurations = (
				E2FF736826A33712002209CA /* Debug */,
				E2FF736926A33712002209CA /* Release */,
			);
			defaultConfigurationIsVisible = 0;
			defaultConfigurationName = Release;
		};
		E2FF736B26A33712002209CA /* Build configuration list for PBXNativeTarget "Racket Reel" */ = {
			isa = XCConfigurationList;
			buildConfigurations = (
				E2FF736C26A33712002209CA /* Debug */,
				E2FF736D26A33712002209CA /* Release */,
			);
			defaultConfigurationIsVisible = 0;
			defaultConfigurationName = Release;
		};
/* End XCConfigurationList section */

/* Begin XCVersionGroup section */
		E2B9269D26B350630075CBF6 /* Model.xcdatamodeld */ = {
			isa = XCVersionGroup;
			children = (
				E2B9269E26B350630075CBF6 /* Model.xcdatamodel */,
			);
			currentVersion = E2B9269E26B350630075CBF6 /* Model.xcdatamodel */;
			path = Model.xcdatamodeld;
			sourceTree = "<group>";
			versionGroupType = wrapper.xcdatamodel;
		};
/* End XCVersionGroup section */
	};
	rootObject = E2FF732D26A33710002209CA /* Project object */;
}
